// !$*UTF8*$!
{
	archiveVersion = 1;
	classes = {
	};
	objectVersion = 56;
	objects = {

/* Begin PBXBuildFile section */
		5532A6C9297AFB22003C8DE9 /* TCAApp.swift in Sources */ = {isa = PBXBuildFile; fileRef = 5532A6C8297AFB22003C8DE9 /* TCAApp.swift */; };
		5532A6CD297AFB23003C8DE9 /* Assets.xcassets in Resources */ = {isa = PBXBuildFile; fileRef = 5532A6CC297AFB23003C8DE9 /* Assets.xcassets */; };
		5532A6D0297AFB23003C8DE9 /* Preview Assets.xcassets in Resources */ = {isa = PBXBuildFile; fileRef = 5532A6CF297AFB23003C8DE9 /* Preview Assets.xcassets */; };
		5532A6E6297AFB23003C8DE9 /* TCAUITestsLaunchTests.swift in Sources */ = {isa = PBXBuildFile; fileRef = 5532A6E5297AFB23003C8DE9 /* TCAUITestsLaunchTests.swift */; };
		5532A6F4297AFB70003C8DE9 /* ComposableArchitecture in Frameworks */ = {isa = PBXBuildFile; productRef = 5532A6F3297AFB70003C8DE9 /* ComposableArchitecture */; };
		5532A6F9297B1D89003C8DE9 /* TodoDomain.swift in Sources */ = {isa = PBXBuildFile; fileRef = 5532A6F8297B1D89003C8DE9 /* TodoDomain.swift */; };
		5532A6FB297B23E6003C8DE9 /* TodoView.swift in Sources */ = {isa = PBXBuildFile; fileRef = 5532A6FA297B23E6003C8DE9 /* TodoView.swift */; };
		5532A708297B5275003C8DE9 /* TodosDomain.swift in Sources */ = {isa = PBXBuildFile; fileRef = 5532A707297B5275003C8DE9 /* TodosDomain.swift */; };
		5532A70A297B527F003C8DE9 /* TodosView.swift in Sources */ = {isa = PBXBuildFile; fileRef = 5532A709297B527F003C8DE9 /* TodosView.swift */; };
		5532A70D297D4FD1003C8DE9 /* TodosTests.swift in Sources */ = {isa = PBXBuildFile; fileRef = 5532A70C297D4FD1003C8DE9 /* TodosTests.swift */; };
/* End PBXBuildFile section */

/* Begin PBXContainerItemProxy section */
		5532A6D6297AFB23003C8DE9 /* PBXContainerItemProxy */ = {
			isa = PBXContainerItemProxy;
			containerPortal = 5532A6BD297AFB22003C8DE9 /* Project object */;
			proxyType = 1;
			remoteGlobalIDString = 5532A6C4297AFB22003C8DE9;
			remoteInfo = TCA;
		};
		5532A6E0297AFB23003C8DE9 /* PBXContainerItemProxy */ = {
			isa = PBXContainerItemProxy;
			containerPortal = 5532A6BD297AFB22003C8DE9 /* Project object */;
			proxyType = 1;
			remoteGlobalIDString = 5532A6C4297AFB22003C8DE9;
			remoteInfo = TCA;
		};
/* End PBXContainerItemProxy section */

/* Begin PBXFileReference section */
		5532A6C5297AFB22003C8DE9 /* TCA.app */ = {isa = PBXFileReference; explicitFileType = wrapper.application; includeInIndex = 0; path = TCA.app; sourceTree = BUILT_PRODUCTS_DIR; };
		5532A6C8297AFB22003C8DE9 /* TCAApp.swift */ = {isa = PBXFileReference; lastKnownFileType = sourcecode.swift; path = TCAApp.swift; sourceTree = "<group>"; };
		5532A6CC297AFB23003C8DE9 /* Assets.xcassets */ = {isa = PBXFileReference; lastKnownFileType = folder.assetcatalog; path = Assets.xcassets; sourceTree = "<group>"; };
		5532A6CF297AFB23003C8DE9 /* Preview Assets.xcassets */ = {isa = PBXFileReference; lastKnownFileType = folder.assetcatalog; path = "Preview Assets.xcassets"; sourceTree = "<group>"; };
		5532A6D5297AFB23003C8DE9 /* TCATests.xctest */ = {isa = PBXFileReference; explicitFileType = wrapper.cfbundle; includeInIndex = 0; path = TCATests.xctest; sourceTree = BUILT_PRODUCTS_DIR; };
		5532A6DF297AFB23003C8DE9 /* TCAUITests.xctest */ = {isa = PBXFileReference; explicitFileType = wrapper.cfbundle; includeInIndex = 0; path = TCAUITests.xctest; sourceTree = BUILT_PRODUCTS_DIR; };
		5532A6E5297AFB23003C8DE9 /* TCAUITestsLaunchTests.swift */ = {isa = PBXFileReference; lastKnownFileType = sourcecode.swift; path = TCAUITestsLaunchTests.swift; sourceTree = "<group>"; };
		5532A6F8297B1D89003C8DE9 /* TodoDomain.swift */ = {isa = PBXFileReference; lastKnownFileType = sourcecode.swift; path = TodoDomain.swift; sourceTree = "<group>"; };
		5532A6FA297B23E6003C8DE9 /* TodoView.swift */ = {isa = PBXFileReference; lastKnownFileType = sourcecode.swift; path = TodoView.swift; sourceTree = "<group>"; };
		5532A707297B5275003C8DE9 /* TodosDomain.swift */ = {isa = PBXFileReference; fileEncoding = 4; lastKnownFileType = sourcecode.swift; path = TodosDomain.swift; sourceTree = "<group>"; };
		5532A709297B527F003C8DE9 /* TodosView.swift */ = {isa = PBXFileReference; fileEncoding = 4; lastKnownFileType = sourcecode.swift; path = TodosView.swift; sourceTree = "<group>"; };
		5532A70C297D4FD1003C8DE9 /* TodosTests.swift */ = {isa = PBXFileReference; lastKnownFileType = sourcecode.swift; path = TodosTests.swift; sourceTree = "<group>"; };
/* End PBXFileReference section */

/* Begin PBXFrameworksBuildPhase section */
		5532A6C2297AFB22003C8DE9 /* Frameworks */ = {
			isa = PBXFrameworksBuildPhase;
			buildActionMask = 2147483647;
			files = (
				5532A6F4297AFB70003C8DE9 /* ComposableArchitecture in Frameworks */,
			);
			runOnlyForDeploymentPostprocessing = 0;
		};
		5532A6D2297AFB23003C8DE9 /* Frameworks */ = {
			isa = PBXFrameworksBuildPhase;
			buildActionMask = 2147483647;
			files = (
			);
			runOnlyForDeploymentPostprocessing = 0;
		};
		5532A6DC297AFB23003C8DE9 /* Frameworks */ = {
			isa = PBXFrameworksBuildPhase;
			buildActionMask = 2147483647;
			files = (
			);
			runOnlyForDeploymentPostprocessing = 0;
		};
/* End PBXFrameworksBuildPhase section */

/* Begin PBXGroup section */
		5532A6BC297AFB22003C8DE9 = {
			isa = PBXGroup;
			children = (
				5532A6C7297AFB22003C8DE9 /* TCA */,
				5532A6D8297AFB23003C8DE9 /* TCATests */,
				5532A6E2297AFB23003C8DE9 /* TCAUITests */,
				5532A6C6297AFB22003C8DE9 /* Products */,
			);
			sourceTree = "<group>";
		};
		5532A6C6297AFB22003C8DE9 /* Products */ = {
			isa = PBXGroup;
			children = (
				5532A6C5297AFB22003C8DE9 /* TCA.app */,
				5532A6D5297AFB23003C8DE9 /* TCATests.xctest */,
				5532A6DF297AFB23003C8DE9 /* TCAUITests.xctest */,
			);
			name = Products;
			sourceTree = "<group>";
		};
		5532A6C7297AFB22003C8DE9 /* TCA */ = {
			isa = PBXGroup;
			children = (
				5532A6C8297AFB22003C8DE9 /* TCAApp.swift */,
				5532A6FC297B24A4003C8DE9 /* Todos */,
				5532A6F5297B1D18003C8DE9 /* Todo */,
				5532A6CC297AFB23003C8DE9 /* Assets.xcassets */,
				5532A6CE297AFB23003C8DE9 /* Preview Content */,
			);
			path = TCA;
			sourceTree = "<group>";
		};
		5532A6CE297AFB23003C8DE9 /* Preview Content */ = {
			isa = PBXGroup;
			children = (
				5532A6CF297AFB23003C8DE9 /* Preview Assets.xcassets */,
			);
			path = "Preview Content";
			sourceTree = "<group>";
		};
		5532A6D8297AFB23003C8DE9 /* TCATests */ = {
			isa = PBXGroup;
			children = (
				5532A70C297D4FD1003C8DE9 /* TodosTests.swift */,
			);
			path = TCATests;
			sourceTree = "<group>";
		};
		5532A6E2297AFB23003C8DE9 /* TCAUITests */ = {
			isa = PBXGroup;
			children = (
				5532A6E5297AFB23003C8DE9 /* TCAUITestsLaunchTests.swift */,
			);
			path = TCAUITests;
			sourceTree = "<group>";
		};
		5532A6F5297B1D18003C8DE9 /* Todo */ = {
			isa = PBXGroup;
			children = (
				5532A6F8297B1D89003C8DE9 /* TodoDomain.swift */,
				5532A6FA297B23E6003C8DE9 /* TodoView.swift */,
			);
			path = Todo;
			sourceTree = "<group>";
		};
		5532A6FC297B24A4003C8DE9 /* Todos */ = {
			isa = PBXGroup;
			children = (
				5532A709297B527F003C8DE9 /* TodosView.swift */,
				5532A707297B5275003C8DE9 /* TodosDomain.swift */,
			);
			path = Todos;
			sourceTree = "<group>";
		};
/* End PBXGroup section */

/* Begin PBXNativeTarget section */
		5532A6C4297AFB22003C8DE9 /* TCA */ = {
			isa = PBXNativeTarget;
			buildConfigurationList = 5532A6E9297AFB23003C8DE9 /* Build configuration list for PBXNativeTarget "TCA" */;
			buildPhases = (
				5532A6C1297AFB22003C8DE9 /* Sources */,
				5532A6C2297AFB22003C8DE9 /* Frameworks */,
				5532A6C3297AFB22003C8DE9 /* Resources */,
			);
			buildRules = (
			);
			dependencies = (
			);
			name = TCA;
			packageProductDependencies = (
				5532A6F3297AFB70003C8DE9 /* ComposableArchitecture */,
			);
			productName = TCA;
			productReference = 5532A6C5297AFB22003C8DE9 /* TCA.app */;
			productType = "com.apple.product-type.application";
		};
		5532A6D4297AFB23003C8DE9 /* TCATests */ = {
			isa = PBXNativeTarget;
			buildConfigurationList = 5532A6EC297AFB23003C8DE9 /* Build configuration list for PBXNativeTarget "TCATests" */;
			buildPhases = (
				5532A6D1297AFB23003C8DE9 /* Sources */,
				5532A6D2297AFB23003C8DE9 /* Frameworks */,
				5532A6D3297AFB23003C8DE9 /* Resources */,
			);
			buildRules = (
			);
			dependencies = (
				5532A6D7297AFB23003C8DE9 /* PBXTargetDependency */,
			);
			name = TCATests;
			productName = TCATests;
			productReference = 5532A6D5297AFB23003C8DE9 /* TCATests.xctest */;
			productType = "com.apple.product-type.bundle.unit-test";
		};
		5532A6DE297AFB23003C8DE9 /* TCAUITests */ = {
			isa = PBXNativeTarget;
			buildConfigurationList = 5532A6EF297AFB23003C8DE9 /* Build configuration list for PBXNativeTarget "TCAUITests" */;
			buildPhases = (
				5532A6DB297AFB23003C8DE9 /* Sources */,
				5532A6DC297AFB23003C8DE9 /* Frameworks */,
				5532A6DD297AFB23003C8DE9 /* Resources */,
			);
			buildRules = (
			);
			dependencies = (
				5532A6E1297AFB23003C8DE9 /* PBXTargetDependency */,
			);
			name = TCAUITests;
			productName = TCAUITests;
			productReference = 5532A6DF297AFB23003C8DE9 /* TCAUITests.xctest */;
			productType = "com.apple.product-type.bundle.ui-testing";
		};
/* End PBXNativeTarget section */

/* Begin PBXProject section */
		5532A6BD297AFB22003C8DE9 /* Project object */ = {
			isa = PBXProject;
			attributes = {
				BuildIndependentTargetsInParallel = 1;
				LastSwiftUpdateCheck = 1420;
				LastUpgradeCheck = 1420;
				TargetAttributes = {
					5532A6C4297AFB22003C8DE9 = {
						CreatedOnToolsVersion = 14.2;
					};
					5532A6D4297AFB23003C8DE9 = {
						CreatedOnToolsVersion = 14.2;
						TestTargetID = 5532A6C4297AFB22003C8DE9;
					};
					5532A6DE297AFB23003C8DE9 = {
						CreatedOnToolsVersion = 14.2;
						TestTargetID = 5532A6C4297AFB22003C8DE9;
					};
				};
			};
			buildConfigurationList = 5532A6C0297AFB22003C8DE9 /* Build configuration list for PBXProject "TCA" */;
			compatibilityVersion = "Xcode 14.0";
			developmentRegion = en;
			hasScannedForEncodings = 0;
			knownRegions = (
				en,
				Base,
			);
			mainGroup = 5532A6BC297AFB22003C8DE9;
			packageReferences = (
				5532A6F2297AFB70003C8DE9 /* XCRemoteSwiftPackageReference "swift-composable-architecture" */,
			);
			productRefGroup = 5532A6C6297AFB22003C8DE9 /* Products */;
			projectDirPath = "";
			projectRoot = "";
			targets = (
				5532A6C4297AFB22003C8DE9 /* TCA */,
				5532A6D4297AFB23003C8DE9 /* TCATests */,
				5532A6DE297AFB23003C8DE9 /* TCAUITests */,
			);
		};
/* End PBXProject section */

/* Begin PBXResourcesBuildPhase section */
		5532A6C3297AFB22003C8DE9 /* Resources */ = {
			isa = PBXResourcesBuildPhase;
			buildActionMask = 2147483647;
			files = (
				5532A6D0297AFB23003C8DE9 /* Preview Assets.xcassets in Resources */,
				5532A6CD297AFB23003C8DE9 /* Assets.xcassets in Resources */,
			);
			runOnlyForDeploymentPostprocessing = 0;
		};
		5532A6D3297AFB23003C8DE9 /* Resources */ = {
			isa = PBXResourcesBuildPhase;
			buildActionMask = 2147483647;
			files = (
			);
			runOnlyForDeploymentPostprocessing = 0;
		};
		5532A6DD297AFB23003C8DE9 /* Resources */ = {
			isa = PBXResourcesBuildPhase;
			buildActionMask = 2147483647;
			files = (
			);
			runOnlyForDeploymentPostprocessing = 0;
		};
/* End PBXResourcesBuildPhase section */

/* Begin PBXSourcesBuildPhase section */
		5532A6C1297AFB22003C8DE9 /* Sources */ = {
			isa = PBXSourcesBuildPhase;
			buildActionMask = 2147483647;
			files = (
				5532A70A297B527F003C8DE9 /* TodosView.swift in Sources */,
				5532A6F9297B1D89003C8DE9 /* TodoDomain.swift in Sources */,
				5532A708297B5275003C8DE9 /* TodosDomain.swift in Sources */,
				5532A6FB297B23E6003C8DE9 /* TodoView.swift in Sources */,
				5532A6C9297AFB22003C8DE9 /* TCAApp.swift in Sources */,
			);
			runOnlyForDeploymentPostprocessing = 0;
		};
		5532A6D1297AFB23003C8DE9 /* Sources */ = {
			isa = PBXSourcesBuildPhase;
			buildActionMask = 2147483647;
			files = (
				5532A70D297D4FD1003C8DE9 /* TodosTests.swift in Sources */,
			);
			runOnlyForDeploymentPostprocessing = 0;
		};
		5532A6DB297AFB23003C8DE9 /* Sources */ = {
			isa = PBXSourcesBuildPhase;
			buildActionMask = 2147483647;
			files = (
				5532A6E6297AFB23003C8DE9 /* TCAUITestsLaunchTests.swift in Sources */,
			);
			runOnlyForDeploymentPostprocessing = 0;
		};
/* End PBXSourcesBuildPhase section */

/* Begin PBXTargetDependency section */
		5532A6D7297AFB23003C8DE9 /* PBXTargetDependency */ = {
			isa = PBXTargetDependency;
			target = 5532A6C4297AFB22003C8DE9 /* TCA */;
			targetProxy = 5532A6D6297AFB23003C8DE9 /* PBXContainerItemProxy */;
		};
		5532A6E1297AFB23003C8DE9 /* PBXTargetDependency */ = {
			isa = PBXTargetDependency;
			target = 5532A6C4297AFB22003C8DE9 /* TCA */;
			targetProxy = 5532A6E0297AFB23003C8DE9 /* PBXContainerItemProxy */;
		};
/* End PBXTargetDependency section */

/* Begin XCBuildConfiguration section */
		5532A6E7297AFB23003C8DE9 /* Debug */ = {
			isa = XCBuildConfiguration;
			buildSettings = {
				ALWAYS_SEARCH_USER_PATHS = NO;
				CLANG_ANALYZER_NONNULL = YES;
				CLANG_ANALYZER_NUMBER_OBJECT_CONVERSION = YES_AGGRESSIVE;
				CLANG_CXX_LANGUAGE_STANDARD = "gnu++20";
				CLANG_ENABLE_MODULES = YES;
				CLANG_ENABLE_OBJC_ARC = YES;
				CLANG_ENABLE_OBJC_WEAK = YES;
				CLANG_WARN_BLOCK_CAPTURE_AUTORELEASING = YES;
				CLANG_WARN_BOOL_CONVERSION = YES;
				CLANG_WARN_COMMA = YES;
				CLANG_WARN_CONSTANT_CONVERSION = YES;
				CLANG_WARN_DEPRECATED_OBJC_IMPLEMENTATIONS = YES;
				CLANG_WARN_DIRECT_OBJC_ISA_USAGE = YES_ERROR;
				CLANG_WARN_DOCUMENTATION_COMMENTS = YES;
				CLANG_WARN_EMPTY_BODY = YES;
				CLANG_WARN_ENUM_CONVERSION = YES;
				CLANG_WARN_INFINITE_RECURSION = YES;
				CLANG_WARN_INT_CONVERSION = YES;
				CLANG_WARN_NON_LITERAL_NULL_CONVERSION = YES;
				CLANG_WARN_OBJC_IMPLICIT_RETAIN_SELF = YES;
				CLANG_WARN_OBJC_LITERAL_CONVERSION = YES;
				CLANG_WARN_OBJC_ROOT_CLASS = YES_ERROR;
				CLANG_WARN_QUOTED_INCLUDE_IN_FRAMEWORK_HEADER = YES;
				CLANG_WARN_RANGE_LOOP_ANALYSIS = YES;
				CLANG_WARN_STRICT_PROTOTYPES = YES;
				CLANG_WARN_SUSPICIOUS_MOVE = YES;
				CLANG_WARN_UNGUARDED_AVAILABILITY = YES_AGGRESSIVE;
				CLANG_WARN_UNREACHABLE_CODE = YES;
				CLANG_WARN__DUPLICATE_METHOD_MATCH = YES;
				COPY_PHASE_STRIP = NO;
				DEBUG_INFORMATION_FORMAT = dwarf;
				ENABLE_STRICT_OBJC_MSGSEND = YES;
				ENABLE_TESTABILITY = YES;
				GCC_C_LANGUAGE_STANDARD = gnu11;
				GCC_DYNAMIC_NO_PIC = NO;
				GCC_NO_COMMON_BLOCKS = YES;
				GCC_OPTIMIZATION_LEVEL = 0;
				GCC_PREPROCESSOR_DEFINITIONS = (
					"DEBUG=1",
					"$(inherited)",
				);
				GCC_WARN_64_TO_32_BIT_CONVERSION = YES;
				GCC_WARN_ABOUT_RETURN_TYPE = YES_ERROR;
				GCC_WARN_UNDECLARED_SELECTOR = YES;
				GCC_WARN_UNINITIALIZED_AUTOS = YES_AGGRESSIVE;
				GCC_WARN_UNUSED_FUNCTION = YES;
				GCC_WARN_UNUSED_VARIABLE = YES;
				IPHONEOS_DEPLOYMENT_TARGET = 16.2;
				MTL_ENABLE_DEBUG_INFO = INCLUDE_SOURCE;
				MTL_FAST_MATH = YES;
				ONLY_ACTIVE_ARCH = YES;
				SDKROOT = iphoneos;
				SWIFT_ACTIVE_COMPILATION_CONDITIONS = DEBUG;
				SWIFT_OPTIMIZATION_LEVEL = "-Onone";
			};
			name = Debug;
		};
		5532A6E8297AFB23003C8DE9 /* Release */ = {
			isa = XCBuildConfiguration;
			buildSettings = {
				ALWAYS_SEARCH_USER_PATHS = NO;
				CLANG_ANALYZER_NONNULL = YES;
				CLANG_ANALYZER_NUMBER_OBJECT_CONVERSION = YES_AGGRESSIVE;
				CLANG_CXX_LANGUAGE_STANDARD = "gnu++20";
				CLANG_ENABLE_MODULES = YES;
				CLANG_ENABLE_OBJC_ARC = YES;
				CLANG_ENABLE_OBJC_WEAK = YES;
				CLANG_WARN_BLOCK_CAPTURE_AUTORELEASING = YES;
				CLANG_WARN_BOOL_CONVERSION = YES;
				CLANG_WARN_COMMA = YES;
				CLANG_WARN_CONSTANT_CONVERSION = YES;
				CLANG_WARN_DEPRECATED_OBJC_IMPLEMENTATIONS = YES;
				CLANG_WARN_DIRECT_OBJC_ISA_USAGE = YES_ERROR;
				CLANG_WARN_DOCUMENTATION_COMMENTS = YES;
				CLANG_WARN_EMPTY_BODY = YES;
				CLANG_WARN_ENUM_CONVERSION = YES;
				CLANG_WARN_INFINITE_RECURSION = YES;
				CLANG_WARN_INT_CONVERSION = YES;
				CLANG_WARN_NON_LITERAL_NULL_CONVERSION = YES;
				CLANG_WARN_OBJC_IMPLICIT_RETAIN_SELF = YES;
				CLANG_WARN_OBJC_LITERAL_CONVERSION = YES;
				CLANG_WARN_OBJC_ROOT_CLASS = YES_ERROR;
				CLANG_WARN_QUOTED_INCLUDE_IN_FRAMEWORK_HEADER = YES;
				CLANG_WARN_RANGE_LOOP_ANALYSIS = YES;
				CLANG_WARN_STRICT_PROTOTYPES = YES;
				CLANG_WARN_SUSPICIOUS_MOVE = YES;
				CLANG_WARN_UNGUARDED_AVAILABILITY = YES_AGGRESSIVE;
				CLANG_WARN_UNREACHABLE_CODE = YES;
				CLANG_WARN__DUPLICATE_METHOD_MATCH = YES;
				COPY_PHASE_STRIP = NO;
				DEBUG_INFORMATION_FORMAT = "dwarf-with-dsym";
				ENABLE_NS_ASSERTIONS = NO;
				ENABLE_STRICT_OBJC_MSGSEND = YES;
				GCC_C_LANGUAGE_STANDARD = gnu11;
				GCC_NO_COMMON_BLOCKS = YES;
				GCC_WARN_64_TO_32_BIT_CONVERSION = YES;
				GCC_WARN_ABOUT_RETURN_TYPE = YES_ERROR;
				GCC_WARN_UNDECLARED_SELECTOR = YES;
				GCC_WARN_UNINITIALIZED_AUTOS = YES_AGGRESSIVE;
				GCC_WARN_UNUSED_FUNCTION = YES;
				GCC_WARN_UNUSED_VARIABLE = YES;
				IPHONEOS_DEPLOYMENT_TARGET = 16.2;
				MTL_ENABLE_DEBUG_INFO = NO;
				MTL_FAST_MATH = YES;
				SDKROOT = iphoneos;
				SWIFT_COMPILATION_MODE = wholemodule;
				SWIFT_OPTIMIZATION_LEVEL = "-O";
				VALIDATE_PRODUCT = YES;
			};
			name = Release;
		};
		5532A6EA297AFB23003C8DE9 /* Debug */ = {
			isa = XCBuildConfiguration;
			buildSettings = {
				ASSETCATALOG_COMPILER_APPICON_NAME = AppIcon;
				ASSETCATALOG_COMPILER_GLOBAL_ACCENT_COLOR_NAME = AccentColor;
				CODE_SIGN_STYLE = Automatic;
				CURRENT_PROJECT_VERSION = 1;
				DEVELOPMENT_ASSET_PATHS = "\"TCA/Preview Content\"";
				ENABLE_PREVIEWS = YES;
				GENERATE_INFOPLIST_FILE = YES;
				INFOPLIST_KEY_UIApplicationSceneManifest_Generation = YES;
				INFOPLIST_KEY_UIApplicationSupportsIndirectInputEvents = YES;
				INFOPLIST_KEY_UILaunchScreen_Generation = YES;
				INFOPLIST_KEY_UISupportedInterfaceOrientations_iPad = "UIInterfaceOrientationPortrait UIInterfaceOrientationPortraitUpsideDown UIInterfaceOrientationLandscapeLeft UIInterfaceOrientationLandscapeRight";
				INFOPLIST_KEY_UISupportedInterfaceOrientations_iPhone = "UIInterfaceOrientationPortrait UIInterfaceOrientationLandscapeLeft UIInterfaceOrientationLandscapeRight";
				LD_RUNPATH_SEARCH_PATHS = (
					"$(inherited)",
					"@executable_path/Frameworks",
				);
				MARKETING_VERSION = 1.0;
				PRODUCT_BUNDLE_IDENTIFIER = com.test.cenas.TCA;
				PRODUCT_NAME = "$(TARGET_NAME)";
				SWIFT_EMIT_LOC_STRINGS = YES;
				SWIFT_VERSION = 5.0;
				TARGETED_DEVICE_FAMILY = "1,2";
			};
			name = Debug;
		};
		5532A6EB297AFB23003C8DE9 /* Release */ = {
			isa = XCBuildConfiguration;
			buildSettings = {
				ASSETCATALOG_COMPILER_APPICON_NAME = AppIcon;
				ASSETCATALOG_COMPILER_GLOBAL_ACCENT_COLOR_NAME = AccentColor;
				CODE_SIGN_STYLE = Automatic;
				CURRENT_PROJECT_VERSION = 1;
				DEVELOPMENT_ASSET_PATHS = "\"TCA/Preview Content\"";
				ENABLE_PREVIEWS = YES;
				GENERATE_INFOPLIST_FILE = YES;
				INFOPLIST_KEY_UIApplicationSceneManifest_Generation = YES;
				INFOPLIST_KEY_UIApplicationSupportsIndirectInputEvents = YES;
				INFOPLIST_KEY_UILaunchScreen_Generation = YES;
				INFOPLIST_KEY_UISupportedInterfaceOrientations_iPad = "UIInterfaceOrientationPortrait UIInterfaceOrientationPortraitUpsideDown UIInterfaceOrientationLandscapeLeft UIInterfaceOrientationLandscapeRight";
				INFOPLIST_KEY_UISupportedInterfaceOrientations_iPhone = "UIInterfaceOrientationPortrait UIInterfaceOrientationLandscapeLeft UIInterfaceOrientationLandscapeRight";
				LD_RUNPATH_SEARCH_PATHS = (
					"$(inherited)",
					"@executable_path/Frameworks",
				);
				MARKETING_VERSION = 1.0;
				PRODUCT_BUNDLE_IDENTIFIER = com.test.cenas.TCA;
				PRODUCT_NAME = "$(TARGET_NAME)";
				SWIFT_EMIT_LOC_STRINGS = YES;
				SWIFT_VERSION = 5.0;
				TARGETED_DEVICE_FAMILY = "1,2";
			};
			name = Release;
		};
		5532A6ED297AFB23003C8DE9 /* Debug */ = {
			isa = XCBuildConfiguration;
			buildSettings = {
				ALWAYS_EMBED_SWIFT_STANDARD_LIBRARIES = YES;
				BUNDLE_LOADER = "$(TEST_HOST)";
				CODE_SIGN_STYLE = Automatic;
				CURRENT_PROJECT_VERSION = 1;
				GENERATE_INFOPLIST_FILE = YES;
				IPHONEOS_DEPLOYMENT_TARGET = 16.2;
				MARKETING_VERSION = 1.0;
				PRODUCT_BUNDLE_IDENTIFIER = com.test.cenas.TCATests;
				PRODUCT_NAME = "$(TARGET_NAME)";
				SWIFT_EMIT_LOC_STRINGS = NO;
				SWIFT_VERSION = 5.0;
				TARGETED_DEVICE_FAMILY = "1,2";
				TEST_HOST = "$(BUILT_PRODUCTS_DIR)/TCA.app/$(BUNDLE_EXECUTABLE_FOLDER_PATH)/TCA";
			};
			name = Debug;
		};
		5532A6EE297AFB23003C8DE9 /* Release */ = {
			isa = XCBuildConfiguration;
			buildSettings = {
				ALWAYS_EMBED_SWIFT_STANDARD_LIBRARIES = YES;
				BUNDLE_LOADER = "$(TEST_HOST)";
				CODE_SIGN_STYLE = Automatic;
				CURRENT_PROJECT_VERSION = 1;
				GENERATE_INFOPLIST_FILE = YES;
				IPHONEOS_DEPLOYMENT_TARGET = 16.2;
				MARKETING_VERSION = 1.0;
				PRODUCT_BUNDLE_IDENTIFIER = com.test.cenas.TCATests;
				PRODUCT_NAME = "$(TARGET_NAME)";
				SWIFT_EMIT_LOC_STRINGS = NO;
				SWIFT_VERSION = 5.0;
				TARGETED_DEVICE_FAMILY = "1,2";
				TEST_HOST = "$(BUILT_PRODUCTS_DIR)/TCA.app/$(BUNDLE_EXECUTABLE_FOLDER_PATH)/TCA";
			};
			name = Release;
		};
		5532A6F0297AFB23003C8DE9 /* Debug */ = {
			isa = XCBuildConfiguration;
			buildSettings = {
				ALWAYS_EMBED_SWIFT_STANDARD_LIBRARIES = YES;
				CODE_SIGN_STYLE = Automatic;
				CURRENT_PROJECT_VERSION = 1;
				GENERATE_INFOPLIST_FILE = YES;
				MARKETING_VERSION = 1.0;
				PRODUCT_BUNDLE_IDENTIFIER = com.test.cenas.TCAUITests;
				PRODUCT_NAME = "$(TARGET_NAME)";
				SWIFT_EMIT_LOC_STRINGS = NO;
				SWIFT_VERSION = 5.0;
				TARGETED_DEVICE_FAMILY = "1,2";
				TEST_TARGET_NAME = TCA;
			};
			name = Debug;
		};
		5532A6F1297AFB23003C8DE9 /* Release */ = {
			isa = XCBuildConfiguration;
			buildSettings = {
				ALWAYS_EMBED_SWIFT_STANDARD_LIBRARIES = YES;
				CODE_SIGN_STYLE = Automatic;
				CURRENT_PROJECT_VERSION = 1;
				GENERATE_INFOPLIST_FILE = YES;
				MARKETING_VERSION = 1.0;
				PRODUCT_BUNDLE_IDENTIFIER = com.test.cenas.TCAUITests;
				PRODUCT_NAME = "$(TARGET_NAME)";
				SWIFT_EMIT_LOC_STRINGS = NO;
				SWIFT_VERSION = 5.0;
				TARGETED_DEVICE_FAMILY = "1,2";
				TEST_TARGET_NAME = TCA;
			};
			name = Release;
		};
/* End XCBuildConfiguration section */

/* Begin XCConfigurationList section */
		5532A6C0297AFB22003C8DE9 /* Build configuration list for PBXProject "TCA" */ = {
			isa = XCConfigurationList;
			buildConfigurations = (
				5532A6E7297AFB23003C8DE9 /* Debug */,
				5532A6E8297AFB23003C8DE9 /* Release */,
			);
			defaultConfigurationIsVisible = 0;
			defaultConfigurationName = Release;
		};
		5532A6E9297AFB23003C8DE9 /* Build configuration list for PBXNativeTarget "TCA" */ = {
			isa = XCConfigurationList;
			buildConfigurations = (
				5532A6EA297AFB23003C8DE9 /* Debug */,
				5532A6EB297AFB23003C8DE9 /* Release */,
			);
			defaultConfigurationIsVisible = 0;
			defaultConfigurationName = Release;
		};
		5532A6EC297AFB23003C8DE9 /* Build configuration list for PBXNativeTarget "TCATests" */ = {
			isa = XCConfigurationList;
			buildConfigurations = (
				5532A6ED297AFB23003C8DE9 /* Debug */,
				5532A6EE297AFB23003C8DE9 /* Release */,
			);
			defaultConfigurationIsVisible = 0;
			defaultConfigurationName = Release;
		};
		5532A6EF297AFB23003C8DE9 /* Build configuration list for PBXNativeTarget "TCAUITests" */ = {
			isa = XCConfigurationList;
			buildConfigurations = (
				5532A6F0297AFB23003C8DE9 /* Debug */,
				5532A6F1297AFB23003C8DE9 /* Release */,
			);
			defaultConfigurationIsVisible = 0;
			defaultConfigurationName = Release;
		};
/* End XCConfigurationList section */

/* Begin XCRemoteSwiftPackageReference section */
		5532A6F2297AFB70003C8DE9 /* XCRemoteSwiftPackageReference "swift-composable-architecture" */ = {
			isa = XCRemoteSwiftPackageReference;
			repositoryURL = "https://github.com/pointfreeco/swift-composable-architecture.git";
			requirement = {
				branch = main;
				kind = branch;
			};
		};
/* End XCRemoteSwiftPackageReference section */

/* Begin XCSwiftPackageProductDependency section */
		5532A6F3297AFB70003C8DE9 /* ComposableArchitecture */ = {
			isa = XCSwiftPackageProductDependency;
			package = 5532A6F2297AFB70003C8DE9 /* XCRemoteSwiftPackageReference "swift-composable-architecture" */;
			productName = ComposableArchitecture;
		};
/* End XCSwiftPackageProductDependency section */
	};
	rootObject = 5532A6BD297AFB22003C8DE9 /* Project object */;
}
